
Microsoft Visual Studio Solution File, Format Version 12.00
# Visual Studio Version 16
VisualStudioVersion = 16.0.34407.143
MinimumVisualStudioVersion = 10.0.40219.1
Project("{FAE04EC0-301F-11D3-BF4B-00C04F79EFBC}") = "SharedLibraryUsuage", "SharedLibraryUsuage\SharedLibraryUsuage.csproj", "{4167B52F-40EB-48C3-B79E-0545976E1D49}"
EndProject
Global
	GlobalSection(SolutionConfigurationPlatforms) = preSolution
		Debug|Any CPU = Debug|Any CPU
		Release|Any CPU = Release|Any CPU
	EndGlobalSection
	GlobalSection(ProjectConfigurationPlatforms) = postSolution
		{4167B52F-40EB-48C3-B79E-0545976E1D49}.Debug|Any CPU.ActiveCfg = Debug|Any CPU
		{4167B52F-40EB-48C3-B79E-0545976E1D49}.Debug|Any CPU.Build.0 = Debug|Any CPU
		{4167B52F-40EB-48C3-B79E-0545976E1D49}.Release|Any CPU.ActiveCfg = Release|Any CPU
		{4167B52F-40EB-48C3-B79E-0545976E1D49}.Release|Any CPU.Build.0 = Release|Any CPU
	EndGlobalSection
	GlobalSection(SolutionProperties) = preSolution
		HideSolutionNode = FALSE
	EndGlobalSection
	GlobalSection(ExtensibilityGlobals) = postSolution
		SolutionGuid = {AD41F7A3-34BE-408E-9855-A07AEFA1B249}
	EndGlobalSection
EndGlobal
