
Microsoft Visual Studio Solution File, Format Version 12.00
# Visual Studio Version 16
VisualStudioVersion = 16.0.34407.143
MinimumVisualStudioVersion = 10.0.40219.1
Project("{FAE04EC0-301F-11D3-BF4B-00C04F79EFBC}") = "EmployeeLib", "EmployeeLib\EmployeeLib.csproj", "{385516E9-743E-4015-B90A-7AEE3F1D7E41}"
EndProject
Global
	GlobalSection(SolutionConfigurationPlatforms) = preSolution
		Debug|Any CPU = Debug|Any CPU
		Release|Any CPU = Release|Any CPU
	EndGlobalSection
	GlobalSection(ProjectConfigurationPlatforms) = postSolution
		{385516E9-743E-4015-B90A-7AEE3F1D7E41}.Debug|Any CPU.ActiveCfg = Debug|Any CPU
		{385516E9-743E-4015-B90A-7AEE3F1D7E41}.Debug|Any CPU.Build.0 = Debug|Any CPU
		{385516E9-743E-4015-B90A-7AEE3F1D7E41}.Release|Any CPU.ActiveCfg = Release|Any CPU
		{385516E9-743E-4015-B90A-7AEE3F1D7E41}.Release|Any CPU.Build.0 = Release|Any CPU
	EndGlobalSection
	GlobalSection(SolutionProperties) = preSolution
		HideSolutionNode = FALSE
	EndGlobalSection
	GlobalSection(ExtensibilityGlobals) = postSolution
		SolutionGuid = {FE2CE37A-2897-4A1E-9489-E26FD8AC0052}
	EndGlobalSection
EndGlobal
