
Microsoft Visual Studio Solution File, Format Version 12.00
# Visual Studio Version 16
VisualStudioVersion = 16.0.34407.143
MinimumVisualStudioVersion = 10.0.40219.1
Project("{FAE04EC0-301F-11D3-BF4B-00C04F79EFBC}") = "ConApp", "ConApp\ConApp.csproj", "{B057631D-9B94-46B6-A46F-F24972EEB232}"
EndProject
Global
	GlobalSection(SolutionConfigurationPlatforms) = preSolution
		Debug|Any CPU = Debug|Any CPU
		Release|Any CPU = Release|Any CPU
	EndGlobalSection
	GlobalSection(ProjectConfigurationPlatforms) = postSolution
		{B057631D-9B94-46B6-A46F-F24972EEB232}.Debug|Any CPU.ActiveCfg = Debug|Any CPU
		{B057631D-9B94-46B6-A46F-F24972EEB232}.Debug|Any CPU.Build.0 = Debug|Any CPU
		{B057631D-9B94-46B6-A46F-F24972EEB232}.Release|Any CPU.ActiveCfg = Release|Any CPU
		{B057631D-9B94-46B6-A46F-F24972EEB232}.Release|Any CPU.Build.0 = Release|Any CPU
	EndGlobalSection
	GlobalSection(SolutionProperties) = preSolution
		HideSolutionNode = FALSE
	EndGlobalSection
	GlobalSection(ExtensibilityGlobals) = postSolution
		SolutionGuid = {067A45C9-5B15-410A-AF3D-7AE8BCC88602}
	EndGlobalSection
EndGlobal
