
Microsoft Visual Studio Solution File, Format Version 12.00
# Visual Studio Version 17
VisualStudioVersion = 17.8.34408.163
MinimumVisualStudioVersion = 10.0.40219.1
Project("{FAE04EC0-301F-11D3-BF4B-00C04F79EFBC}") = "MVCDemo3", "MVCDemo3\MVCDemo3.csproj", "{350D26A1-FC95-4D13-A2C0-64A477C3179A}"
EndProject
Global
	GlobalSection(SolutionConfigurationPlatforms) = preSolution
		Debug|Any CPU = Debug|Any CPU
		Release|Any CPU = Release|Any CPU
	EndGlobalSection
	GlobalSection(ProjectConfigurationPlatforms) = postSolution
		{350D26A1-FC95-4D13-A2C0-64A477C3179A}.Debug|Any CPU.ActiveCfg = Debug|Any CPU
		{350D26A1-FC95-4D13-A2C0-64A477C3179A}.Debug|Any CPU.Build.0 = Debug|Any CPU
		{350D26A1-FC95-4D13-A2C0-64A477C3179A}.Release|Any CPU.ActiveCfg = Release|Any CPU
		{350D26A1-FC95-4D13-A2C0-64A477C3179A}.Release|Any CPU.Build.0 = Release|Any CPU
	EndGlobalSection
	GlobalSection(SolutionProperties) = preSolution
		HideSolutionNode = FALSE
	EndGlobalSection
	GlobalSection(ExtensibilityGlobals) = postSolution
		SolutionGuid = {FE139204-EDD9-41A0-BD57-2E96816921D2}
	EndGlobalSection
EndGlobal
